
Microsoft Visual Studio Solution File, Format Version 12.00
# Visual Studio Version 17
VisualStudioVersion = 17.4.33122.133
MinimumVisualStudioVersion = 10.0.40219.1
Project("{FAE04EC0-301F-11D3-BF4B-00C04F79EFBC}") = "AttriRent", "AttriRent\AttriRent.csproj", "{36BC0688-CB4A-4D3D-A27F-7519812D4FF3}"
EndProject
Global
	GlobalSection(SolutionConfigurationPlatforms) = preSolution
		Debug|Any CPU = Debug|Any CPU
		Release|Any CPU = Release|Any CPU
	EndGlobalSection
	GlobalSection(ProjectConfigurationPlatforms) = postSolution
		{36BC0688-CB4A-4D3D-A27F-7519812D4FF3}.Debug|Any CPU.ActiveCfg = Debug|Any CPU
		{36BC0688-CB4A-4D3D-A27F-7519812D4FF3}.Debug|Any CPU.Build.0 = Debug|Any CPU
		{36BC0688-CB4A-4D3D-A27F-7519812D4FF3}.Release|Any CPU.ActiveCfg = Release|Any CPU
		{36BC0688-CB4A-4D3D-A27F-7519812D4FF3}.Release|Any CPU.Build.0 = Release|Any CPU
	EndGlobalSection
	GlobalSection(SolutionProperties) = preSolution
		HideSolutionNode = FALSE
	EndGlobalSection
	GlobalSection(ExtensibilityGlobals) = postSolution
		SolutionGuid = {0347FE79-59E7-4321-AF0A-9C88D668C9D6}
	EndGlobalSection
EndGlobal
